// !$*UTF8*$!
{
	archiveVersion = 1;
	classes = {
	};
	objectVersion = 46;
	objects = {

/* Begin PBXBuildFile section */
		E469A69E177679C900F72BC9 /* Cocoa.framework in Frameworks */ = {isa = PBXBuildFile; fileRef = E469A69D177679C900F72BC9 /* Cocoa.framework */; };
		E469A6A8177679C900F72BC9 /* InfoPlist.strings in Resources */ = {isa = PBXBuildFile; fileRef = E469A6A6177679C900F72BC9 /* InfoPlist.strings */; };
		E469A6AA177679C900F72BC9 /* main.m in Sources */ = {isa = PBXBuildFile; fileRef = E469A6A9177679C900F72BC9 /* main.m */; };
		E469A6AE177679C900F72BC9 /* Credits.rtf in Resources */ = {isa = PBXBuildFile; fileRef = E469A6AC177679C900F72BC9 /* Credits.rtf */; };
		E469A6B1177679C900F72BC9 /* APGAppDelegate.m in Sources */ = {isa = PBXBuildFile; fileRef = E469A6B0177679C900F72BC9 /* APGAppDelegate.m */; };
		E469A6B4177679C900F72BC9 /* MainMenu.xib in Resources */ = {isa = PBXBuildFile; fileRef = E469A6B2177679C900F72BC9 /* MainMenu.xib */; };
		E469A6BC17767A7400F72BC9 /* play.png in Resources */ = {isa = PBXBuildFile; fileRef = E469A6BA17767A7400F72BC9 /* play.png */; };
		E469A6BD17767A7400F72BC9 /* play@2x.png in Resources */ = {isa = PBXBuildFile; fileRef = E469A6BB17767A7400F72BC9 /* play@2x.png */; };
		E469A6C617767AA500F72BC9 /* APGCustomMenuViewController.m in Sources */ = {isa = PBXBuildFile; fileRef = E469A6C317767A8000F72BC9 /* APGCustomMenuViewController.m */; };
		E469A6C717767AA800F72BC9 /* APGCustomMenuView.m in Sources */ = {isa = PBXBuildFile; fileRef = E469A6C117767A8000F72BC9 /* APGCustomMenuView.m */; };
		E469A6C817767AAA00F72BC9 /* APGCustomMenuTextField.m in Sources */ = {isa = PBXBuildFile; fileRef = E469A6BF17767A8000F72BC9 /* APGCustomMenuTextField.m */; };
		E469A6CB17767CF000F72BC9 /* clockbw-tiny.png in Resources */ = {isa = PBXBuildFile; fileRef = E469A6C917767CF000F72BC9 /* clockbw-tiny.png */; };
		E469A6CC17767CF000F72BC9 /* clockbw-tiny@2x.png in Resources */ = {isa = PBXBuildFile; fileRef = E469A6CA17767CF000F72BC9 /* clockbw-tiny@2x.png */; };
		E469A6CD17767EA300F72BC9 /* APGCustomMenuViewController.xib in Resources */ = {isa = PBXBuildFile; fileRef = E469A6C417767A8000F72BC9 /* APGCustomMenuViewController.xib */; };
/* End PBXBuildFile section */

/* Begin PBXFileReference section */
		E469A69A177679C900F72BC9 /* CustomMenuItemViewExample.app */ = {isa = PBXFileReference; explicitFileType = wrapper.application; includeInIndex = 0; path = CustomMenuItemViewExample.app; sourceTree = BUILT_PRODUCTS_DIR; };
		E469A69D177679C900F72BC9 /* Cocoa.framework */ = {isa = PBXFileReference; lastKnownFileType = wrapper.framework; name = Cocoa.framework; path = System/Library/Frameworks/Cocoa.framework; sourceTree = SDKROOT; };
		E469A6A0177679C900F72BC9 /* AppKit.framework */ = {isa = PBXFileReference; lastKnownFileType = wrapper.framework; name = AppKit.framework; path = System/Library/Frameworks/AppKit.framework; sourceTree = SDKROOT; };
		E469A6A1177679C900F72BC9 /* CoreData.framework */ = {isa = PBXFileReference; lastKnownFileType = wrapper.framework; name = CoreData.framework; path = System/Library/Frameworks/CoreData.framework; sourceTree = SDKROOT; };
		E469A6A2177679C900F72BC9 /* Foundation.framework */ = {isa = PBXFileReference; lastKnownFileType = wrapper.framework; name = Foundation.framework; path = System/Library/Frameworks/Foundation.framework; sourceTree = SDKROOT; };
		E469A6A5177679C900F72BC9 /* CustomMenuItemViewExample-Info.plist */ = {isa = PBXFileReference; lastKnownFileType = text.plist.xml; path = "CustomMenuItemViewExample-Info.plist"; sourceTree = "<group>"; };
		E469A6A7177679C900F72BC9 /* en */ = {isa = PBXFileReference; lastKnownFileType = text.plist.strings; name = en; path = en.lproj/InfoPlist.strings; sourceTree = "<group>"; };
		E469A6A9177679C900F72BC9 /* main.m */ = {isa = PBXFileReference; lastKnownFileType = sourcecode.c.objc; path = main.m; sourceTree = "<group>"; };
		E469A6AB177679C900F72BC9 /* CustomMenuItemViewExample-Prefix.pch */ = {isa = PBXFileReference; lastKnownFileType = sourcecode.c.h; path = "CustomMenuItemViewExample-Prefix.pch"; sourceTree = "<group>"; };
		E469A6AD177679C900F72BC9 /* en */ = {isa = PBXFileReference; lastKnownFileType = text.rtf; name = en; path = en.lproj/Credits.rtf; sourceTree = "<group>"; };
		E469A6AF177679C900F72BC9 /* APGAppDelegate.h */ = {isa = PBXFileReference; lastKnownFileType = sourcecode.c.h; path = APGAppDelegate.h; sourceTree = "<group>"; };
		E469A6B0177679C900F72BC9 /* APGAppDelegate.m */ = {isa = PBXFileReference; lastKnownFileType = sourcecode.c.objc; path = APGAppDelegate.m; sourceTree = "<group>"; };
		E469A6B3177679C900F72BC9 /* en */ = {isa = PBXFileReference; lastKnownFileType = file.xib; name = en; path = en.lproj/MainMenu.xib; sourceTree = "<group>"; };
		E469A6BA17767A7400F72BC9 /* play.png */ = {isa = PBXFileReference; lastKnownFileType = image.png; name = play.png; path = artwork/play.png; sourceTree = "<group>"; };
		E469A6BB17767A7400F72BC9 /* play@2x.png */ = {isa = PBXFileReference; lastKnownFileType = image.png; name = "play@2x.png"; path = "artwork/play@2x.png"; sourceTree = "<group>"; };
		E469A6BE17767A8000F72BC9 /* APGCustomMenuTextField.h */ = {isa = PBXFileReference; lastKnownFileType = sourcecode.c.h; name = APGCustomMenuTextField.h; path = classes/customMenuView/APGCustomMenuTextField.h; sourceTree = "<group>"; };
		E469A6BF17767A8000F72BC9 /* APGCustomMenuTextField.m */ = {isa = PBXFileReference; lastKnownFileType = sourcecode.c.objc; name = APGCustomMenuTextField.m; path = classes/customMenuView/APGCustomMenuTextField.m; sourceTree = "<group>"; };
		E469A6C017767A8000F72BC9 /* APGCustomMenuView.h */ = {isa = PBXFileReference; lastKnownFileType = sourcecode.c.h; name = APGCustomMenuView.h; path = classes/customMenuView/APGCustomMenuView.h; sourceTree = "<group>"; };
		E469A6C117767A8000F72BC9 /* APGCustomMenuView.m */ = {isa = PBXFileReference; lastKnownFileType = sourcecode.c.objc; name = APGCustomMenuView.m; path = classes/customMenuView/APGCustomMenuView.m; sourceTree = "<group>"; };
		E469A6C217767A8000F72BC9 /* APGCustomMenuViewController.h */ = {isa = PBXFileReference; lastKnownFileType = sourcecode.c.h; name = APGCustomMenuViewController.h; path = classes/customMenuView/APGCustomMenuViewController.h; sourceTree = "<group>"; };
		E469A6C317767A8000F72BC9 /* APGCustomMenuViewController.m */ = {isa = PBXFileReference; lastKnownFileType = sourcecode.c.objc; name = APGCustomMenuViewController.m; path = classes/customMenuView/APGCustomMenuViewController.m; sourceTree = "<group>"; };
		E469A6C417767A8000F72BC9 /* APGCustomMenuViewController.xib */ = {isa = PBXFileReference; lastKnownFileType = file.xib; name = APGCustomMenuViewController.xib; path = classes/customMenuView/APGCustomMenuViewController.xib; sourceTree = "<group>"; };
		E469A6C917767CF000F72BC9 /* clockbw-tiny.png */ = {isa = PBXFileReference; lastKnownFileType = image.png; name = "clockbw-tiny.png"; path = "artwork/clockbw-tiny.png"; sourceTree = "<group>"; };
		E469A6CA17767CF000F72BC9 /* clockbw-tiny@2x.png */ = {isa = PBXFileReference; lastKnownFileType = image.png; name = "clockbw-tiny@2x.png"; path = "artwork/clockbw-tiny@2x.png"; sourceTree = "<group>"; };
/* End PBXFileReference section */

/* Begin PBXFrameworksBuildPhase section */
		E469A697177679C900F72BC9 /* Frameworks */ = {
			isa = PBXFrameworksBuildPhase;
			buildActionMask = 2147483647;
			files = (
				E469A69E177679C900F72BC9 /* Cocoa.framework in Frameworks */,
			);
			runOnlyForDeploymentPostprocessing = 0;
		};
/* End PBXFrameworksBuildPhase section */

/* Begin PBXGroup section */
		E469A691177679C900F72BC9 = {
			isa = PBXGroup;
			children = (
				E469A6A3177679C900F72BC9 /* CustomMenuItemViewExample */,
				E469A69C177679C900F72BC9 /* Frameworks */,
				E469A69B177679C900F72BC9 /* Products */,
			);
			sourceTree = "<group>";
		};
		E469A69B177679C900F72BC9 /* Products */ = {
			isa = PBXGroup;
			children = (
				E469A69A177679C900F72BC9 /* CustomMenuItemViewExample.app */,
			);
			name = Products;
			sourceTree = "<group>";
		};
		E469A69C177679C900F72BC9 /* Frameworks */ = {
			isa = PBXGroup;
			children = (
				E469A69D177679C900F72BC9 /* Cocoa.framework */,
				E469A69F177679C900F72BC9 /* Other Frameworks */,
			);
			name = Frameworks;
			sourceTree = "<group>";
		};
		E469A69F177679C900F72BC9 /* Other Frameworks */ = {
			isa = PBXGroup;
			children = (
				E469A6A0177679C900F72BC9 /* AppKit.framework */,
				E469A6A1177679C900F72BC9 /* CoreData.framework */,
				E469A6A2177679C900F72BC9 /* Foundation.framework */,
			);
			name = "Other Frameworks";
			sourceTree = "<group>";
		};
		E469A6A3177679C900F72BC9 /* CustomMenuItemViewExample */ = {
			isa = PBXGroup;
			children = (
				E469A6C517767A8300F72BC9 /* Custom Menu */,
				E469A6AF177679C900F72BC9 /* APGAppDelegate.h */,
				E469A6B0177679C900F72BC9 /* APGAppDelegate.m */,
				E469A6B2177679C900F72BC9 /* MainMenu.xib */,
				E469A6A4177679C900F72BC9 /* Supporting Files */,
			);
			path = CustomMenuItemViewExample;
			sourceTree = "<group>";
		};
		E469A6A4177679C900F72BC9 /* Supporting Files */ = {
			isa = PBXGroup;
			children = (
				E469A6C917767CF000F72BC9 /* clockbw-tiny.png */,
				E469A6CA17767CF000F72BC9 /* clockbw-tiny@2x.png */,
				E469A6BA17767A7400F72BC9 /* play.png */,
				E469A6BB17767A7400F72BC9 /* play@2x.png */,
				E469A6A5177679C900F72BC9 /* CustomMenuItemViewExample-Info.plist */,
				E469A6A6177679C900F72BC9 /* InfoPlist.strings */,
				E469A6A9177679C900F72BC9 /* main.m */,
				E469A6AB177679C900F72BC9 /* CustomMenuItemViewExample-Prefix.pch */,
				E469A6AC177679C900F72BC9 /* Credits.rtf */,
			);
			name = "Supporting Files";
			sourceTree = "<group>";
		};
		E469A6C517767A8300F72BC9 /* Custom Menu */ = {
			isa = PBXGroup;
			children = (
				E469A6BE17767A8000F72BC9 /* APGCustomMenuTextField.h */,
				E469A6BF17767A8000F72BC9 /* APGCustomMenuTextField.m */,
				E469A6C017767A8000F72BC9 /* APGCustomMenuView.h */,
				E469A6C117767A8000F72BC9 /* APGCustomMenuView.m */,
				E469A6C217767A8000F72BC9 /* APGCustomMenuViewController.h */,
				E469A6C317767A8000F72BC9 /* APGCustomMenuViewController.m */,
				E469A6C417767A8000F72BC9 /* APGCustomMenuViewController.xib */,
			);
			name = "Custom Menu";
			sourceTree = "<group>";
		};
/* End PBXGroup section */

/* Begin PBXNativeTarget section */
		E469A699177679C900F72BC9 /* CustomMenuItemViewExample */ = {
			isa = PBXNativeTarget;
			buildConfigurationList = E469A6B7177679C900F72BC9 /* Build configuration list for PBXNativeTarget "CustomMenuItemViewExample" */;
			buildPhases = (
				E469A696177679C900F72BC9 /* Sources */,
				E469A697177679C900F72BC9 /* Frameworks */,
				E469A698177679C900F72BC9 /* Resources */,
			);
			buildRules = (
			);
			dependencies = (
			);
			name = CustomMenuItemViewExample;
			productName = CustomMenuItemViewExample;
			productReference = E469A69A177679C900F72BC9 /* CustomMenuItemViewExample.app */;
			productType = "com.apple.product-type.application";
		};
/* End PBXNativeTarget section */

/* Begin PBXProject section */
		E469A692177679C900F72BC9 /* Project object */ = {
			isa = PBXProject;
			attributes = {
				CLASSPREFIX = APG;
				LastUpgradeCheck = 0460;
				ORGANIZATIONNAME = "Antony Gardiner";
			};
			buildConfigurationList = E469A695177679C900F72BC9 /* Build configuration list for PBXProject "CustomMenuItemViewExample" */;
			compatibilityVersion = "Xcode 3.2";
			developmentRegion = English;
			hasScannedForEncodings = 0;
			knownRegions = (
				en,
			);
			mainGroup = E469A691177679C900F72BC9;
			productRefGroup = E469A69B177679C900F72BC9 /* Products */;
			projectDirPath = "";
			projectRoot = "";
			targets = (
				E469A699177679C900F72BC9 /* CustomMenuItemViewExample */,
			);
		};
/* End PBXProject section */

/* Begin PBXResourcesBuildPhase section */
		E469A698177679C900F72BC9 /* Resources */ = {
			isa = PBXResourcesBuildPhase;
			buildActionMask = 2147483647;
			files = (
				E469A6CD17767EA300F72BC9 /* APGCustomMenuViewController.xib in Resources */,
				E469A6A8177679C900F72BC9 /* InfoPlist.strings in Resources */,
				E469A6AE177679C900F72BC9 /* Credits.rtf in Resources */,
				E469A6B4177679C900F72BC9 /* MainMenu.xib in Resources */,
				E469A6BC17767A7400F72BC9 /* play.png in Resources */,
				E469A6BD17767A7400F72BC9 /* play@2x.png in Resources */,
				E469A6CB17767CF000F72BC9 /* clockbw-tiny.png in Resources */,
				E469A6CC17767CF000F72BC9 /* clockbw-tiny@2x.png in Resources */,
			);
			runOnlyForDeploymentPostprocessing = 0;
		};
/* End PBXResourcesBuildPhase section */

/* Begin PBXSourcesBuildPhase section */
		E469A696177679C900F72BC9 /* Sources */ = {
			isa = PBXSourcesBuildPhase;
			buildActionMask = 2147483647;
			files = (
				E469A6AA177679C900F72BC9 /* main.m in Sources */,
				E469A6B1177679C900F72BC9 /* APGAppDelegate.m in Sources */,
				E469A6C617767AA500F72BC9 /* APGCustomMenuViewController.m in Sources */,
				E469A6C717767AA800F72BC9 /* APGCustomMenuView.m in Sources */,
				E469A6C817767AAA00F72BC9 /* APGCustomMenuTextField.m in Sources */,
			);
			runOnlyForDeploymentPostprocessing = 0;
		};
/* End PBXSourcesBuildPhase section */

/* Begin PBXVariantGroup section */
		E469A6A6177679C900F72BC9 /* InfoPlist.strings */ = {
			isa = PBXVariantGroup;
			children = (
				E469A6A7177679C900F72BC9 /* en */,
			);
			name = InfoPlist.strings;
			sourceTree = "<group>";
		};
		E469A6AC177679C900F72BC9 /* Credits.rtf */ = {
			isa = PBXVariantGroup;
			children = (
				E469A6AD177679C900F72BC9 /* en */,
			);
			name = Credits.rtf;
			sourceTree = "<group>";
		};
		E469A6B2177679C900F72BC9 /* MainMenu.xib */ = {
			isa = PBXVariantGroup;
			children = (
				E469A6B3177679C900F72BC9 /* en */,
			);
			name = MainMenu.xib;
			sourceTree = "<group>";
		};
/* End PBXVariantGroup section */

/* Begin XCBuildConfiguration section */
		E469A6B5177679C900F72BC9 /* Debug */ = {
			isa = XCBuildConfiguration;
			buildSettings = {
				ALWAYS_SEARCH_USER_PATHS = NO;
				ARCHS = "$(ARCHS_STANDARD_64_BIT)";
				CLANG_CXX_LANGUAGE_STANDARD = "gnu++0x";
				CLANG_CXX_LIBRARY = "libc++";
				CLANG_ENABLE_OBJC_ARC = YES;
				CLANG_WARN_CONSTANT_CONVERSION = YES;
				CLANG_WARN_EMPTY_BODY = YES;
				CLANG_WARN_ENUM_CONVERSION = YES;
				CLANG_WARN_INT_CONVERSION = YES;
				CLANG_WARN__DUPLICATE_METHOD_MATCH = YES;
				COPY_PHASE_STRIP = NO;
				GCC_C_LANGUAGE_STANDARD = gnu99;
				GCC_DYNAMIC_NO_PIC = NO;
				GCC_ENABLE_OBJC_EXCEPTIONS = YES;
				GCC_OPTIMIZATION_LEVEL = 0;
				GCC_PREPROCESSOR_DEFINITIONS = (
					"DEBUG=1",
					"$(inherited)",
				);
				GCC_SYMBOLS_PRIVATE_EXTERN = NO;
				GCC_WARN_64_TO_32_BIT_CONVERSION = YES;
				GCC_WARN_ABOUT_RETURN_TYPE = YES;
				GCC_WARN_UNINITIALIZED_AUTOS = YES;
				GCC_WARN_UNUSED_VARIABLE = YES;
				MACOSX_DEPLOYMENT_TARGET = 10.8;
				ONLY_ACTIVE_ARCH = YES;
				SDKROOT = macosx;
			};
			name = Debug;
		};
		E469A6B6177679C900F72BC9 /* Release */ = {
			isa = XCBuildConfiguration;
			buildSettings = {
				ALWAYS_SEARCH_USER_PATHS = NO;
				ARCHS = "$(ARCHS_STANDARD_64_BIT)";
				CLANG_CXX_LANGUAGE_STANDARD = "gnu++0x";
				CLANG_CXX_LIBRARY = "libc++";
				CLANG_ENABLE_OBJC_ARC = YES;
				CLANG_WARN_CONSTANT_CONVERSION = YES;
				CLANG_WARN_EMPTY_BODY = YES;
				CLANG_WARN_ENUM_CONVERSION = YES;
				CLANG_WARN_INT_CONVERSION = YES;
				CLANG_WARN__DUPLICATE_METHOD_MATCH = YES;
				COPY_PHASE_STRIP = YES;
				DEBUG_INFORMATION_FORMAT = "dwarf-with-dsym";
				GCC_C_LANGUAGE_STANDARD = gnu99;
				GCC_ENABLE_OBJC_EXCEPTIONS = YES;
				GCC_WARN_64_TO_32_BIT_CONVERSION = YES;
				GCC_WARN_ABOUT_RETURN_TYPE = YES;
				GCC_WARN_UNINITIALIZED_AUTOS = YES;
				GCC_WARN_UNUSED_VARIABLE = YES;
				MACOSX_DEPLOYMENT_TARGET = 10.8;
				SDKROOT = macosx;
			};
			name = Release;
		};
		E469A6B8177679C900F72BC9 /* Debug */ = {
			isa = XCBuildConfiguration;
			buildSettings = {
				COMBINE_HIDPI_IMAGES = YES;
				GCC_PRECOMPILE_PREFIX_HEADER = YES;
				GCC_PREFIX_HEADER = "CustomMenuItemViewExample/CustomMenuItemViewExample-Prefix.pch";
				INFOPLIST_FILE = "CustomMenuItemViewExample/CustomMenuItemViewExample-Info.plist";
				PRODUCT_NAME = "$(TARGET_NAME)";
				WRAPPER_EXTENSION = app;
			};
			name = Debug;
		};
		E469A6B9177679C900F72BC9 /* Release */ = {
			isa = XCBuildConfiguration;
			buildSettings = {
				COMBINE_HIDPI_IMAGES = YES;
				GCC_PRECOMPILE_PREFIX_HEADER = YES;
				GCC_PREFIX_HEADER = "CustomMenuItemViewExample/CustomMenuItemViewExample-Prefix.pch";
				INFOPLIST_FILE = "CustomMenuItemViewExample/CustomMenuItemViewExample-Info.plist";
				PRODUCT_NAME = "$(TARGET_NAME)";
				WRAPPER_EXTENSION = app;
			};
			name = Release;
		};
/* End XCBuildConfiguration section */

/* Begin XCConfigurationList section */
		E469A695177679C900F72BC9 /* Build configuration list for PBXProject "CustomMenuItemViewExample" */ = {
			isa = XCConfigurationList;
			buildConfigurations = (
				E469A6B5177679C900F72BC9 /* Debug */,
				E469A6B6177679C900F72BC9 /* Release */,
			);
			defaultConfigurationIsVisible = 0;
			defaultConfigurationName = Release;
		};
		E469A6B7177679C900F72BC9 /* Build configuration list for PBXNativeTarget "CustomMenuItemViewExample" */ = {
			isa = XCConfigurationList;
			buildConfigurations = (
				E469A6B8177679C900F72BC9 /* Debug */,
				E469A6B9177679C900F72BC9 /* Release */,
			);
			defaultConfigurationIsVisible = 0;
		};
/* End XCConfigurationList section */
	};
	rootObject = E469A692177679C900F72BC9 /* Project object */;
}
